{
  "object": {
    "pins": [
      {
        "package": "PopNetworking",
        "repositoryURL": "https://github.com/djk12587/PopNetworking",
        "state": {
          "branch": null,
          "revision": "a91665fde19f50ddab3afc59463b3975970662ef",
          "version": "0.0.4"
        }
      }
    ]
  },
  "version": 1
}
