{
  "object": {
    "pins": [
      {
        "package": "PopNetworking",
        "repositoryURL": "https://github.com/djk12587/PopNetworking",
        "state": {
          "branch": null,
          "revision": "3ad0a66adbc96d77c806c0f7f1e4633135b0db95",
          "version": "0.0.4"
        }
      }
    ]
  },
  "version": 1
}
