{
  "object": {
    "pins": [
      {
        "package": "PopNetworking",
        "repositoryURL": "https://github.com/djk12587/PopNetworking",
        "state": {
          "branch": null,
          "revision": "3fefffcb238c3cb386fcebf5f59ecff60c0c5700",
          "version": "0.0.4"
        }
      }
    ]
  },
  "version": 1
}
